
Microsoft Visual Studio Solution File, Format Version 11.00
# Visual Studio 2010
Project("{8BC9CEB8-8B4A-11D0-8D11-00A0C91BC942}") = "DrawThreeDLines", "DrawThreeDLines\DrawThreeDLines.vcxproj", "{92C59071-8F2D-4484-AE95-9F37D1A4EEDC}"
EndProject
Global
	GlobalSection(SolutionConfigurationPlatforms) = preSolution
		Debug|Win32 = Debug|Win32
		Release|Win32 = Release|Win32
	EndGlobalSection
	GlobalSection(ProjectConfigurationPlatforms) = postSolution
		{92C59071-8F2D-4484-AE95-9F37D1A4EEDC}.Debug|Win32.ActiveCfg = Debug|Win32
		{92C59071-8F2D-4484-AE95-9F37D1A4EEDC}.Debug|Win32.Build.0 = Debug|Win32
		{92C59071-8F2D-4484-AE95-9F37D1A4EEDC}.Release|Win32.ActiveCfg = Release|Win32
		{92C59071-8F2D-4484-AE95-9F37D1A4EEDC}.Release|Win32.Build.0 = Release|Win32
	EndGlobalSection
	GlobalSection(SolutionProperties) = preSolution
		HideSolutionNode = FALSE
	EndGlobalSection
EndGlobal
